
Microsoft Visual Studio Solution File, Format Version 12.00
Project("{FAE04EC0-301F-11D3-BF4B-00C04F79EFBC}") = "Retake", "Retake\Retake.csproj", "{3A11C898-B9F6-448D-9B20-88C94E7EF20F}"
EndProject
Global
	GlobalSection(SolutionConfigurationPlatforms) = preSolution
		Debug|Any CPU = Debug|Any CPU
		Release|Any CPU = Release|Any CPU
	EndGlobalSection
	GlobalSection(ProjectConfigurationPlatforms) = postSolution
		{3A11C898-B9F6-448D-9B20-88C94E7EF20F}.Debug|Any CPU.ActiveCfg = Debug|Any CPU
		{3A11C898-B9F6-448D-9B20-88C94E7EF20F}.Debug|Any CPU.Build.0 = Debug|Any CPU
		{3A11C898-B9F6-448D-9B20-88C94E7EF20F}.Release|Any CPU.ActiveCfg = Release|Any CPU
		{3A11C898-B9F6-448D-9B20-88C94E7EF20F}.Release|Any CPU.Build.0 = Release|Any CPU
	EndGlobalSection
EndGlobal
